
Microsoft Visual Studio Solution File, Format Version 12.00
# Visual Studio Version 17
VisualStudioVersion = 17.11.35303.130
MinimumVisualStudioVersion = 10.0.40219.1
Project("{FAE04EC0-301F-11D3-BF4B-00C04F79EFBC}") = "UserManagementService", "UserManagementService\UserManagementService.csproj", "{218C7A37-673C-4F5A-B163-6620899FD7F4}"
EndProject
Global
	GlobalSection(SolutionConfigurationPlatforms) = preSolution
		Debug|Any CPU = Debug|Any CPU
		Release|Any CPU = Release|Any CPU
	EndGlobalSection
	GlobalSection(ProjectConfigurationPlatforms) = postSolution
		{218C7A37-673C-4F5A-B163-6620899FD7F4}.Debug|Any CPU.ActiveCfg = Debug|Any CPU
		{218C7A37-673C-4F5A-B163-6620899FD7F4}.Debug|Any CPU.Build.0 = Debug|Any CPU
		{218C7A37-673C-4F5A-B163-6620899FD7F4}.Release|Any CPU.ActiveCfg = Release|Any CPU
		{218C7A37-673C-4F5A-B163-6620899FD7F4}.Release|Any CPU.Build.0 = Release|Any CPU
	EndGlobalSection
	GlobalSection(SolutionProperties) = preSolution
		HideSolutionNode = FALSE
	EndGlobalSection
	GlobalSection(ExtensibilityGlobals) = postSolution
		SolutionGuid = {38EC8F5B-5D52-46DD-97EA-2D7B37905C4D}
	EndGlobalSection
EndGlobal
